// !$*UTF8*$!
{
	archiveVersion = 1;
	classes = {
	};
	objectVersion = 46;
	objects = {

/* Begin PBXBuildFile section */
		6003F58E195388D20070C39A /* Foundation.framework in Frameworks */ = {isa = PBXBuildFile; fileRef = 6003F58D195388D20070C39A /* Foundation.framework */; };
		6003F590195388D20070C39A /* CoreGraphics.framework in Frameworks */ = {isa = PBXBuildFile; fileRef = 6003F58F195388D20070C39A /* CoreGraphics.framework */; };
		6003F592195388D20070C39A /* UIKit.framework in Frameworks */ = {isa = PBXBuildFile; fileRef = 6003F591195388D20070C39A /* UIKit.framework */; };
		6003F598195388D20070C39A /* InfoPlist.strings in Resources */ = {isa = PBXBuildFile; fileRef = 6003F596195388D20070C39A /* InfoPlist.strings */; };
		6003F59A195388D20070C39A /* main.m in Sources */ = {isa = PBXBuildFile; fileRef = 6003F599195388D20070C39A /* main.m */; };
		6003F59E195388D20070C39A /* SDGDAppDelegate.m in Sources */ = {isa = PBXBuildFile; fileRef = 6003F59D195388D20070C39A /* SDGDAppDelegate.m */; };
		6003F5A7195388D20070C39A /* SDGDViewController.m in Sources */ = {isa = PBXBuildFile; fileRef = 6003F5A6195388D20070C39A /* SDGDViewController.m */; };
		6003F5A9195388D20070C39A /* Images.xcassets in Resources */ = {isa = PBXBuildFile; fileRef = 6003F5A8195388D20070C39A /* Images.xcassets */; };
		6003F5B0195388D20070C39A /* XCTest.framework in Frameworks */ = {isa = PBXBuildFile; fileRef = 6003F5AF195388D20070C39A /* XCTest.framework */; };
		6003F5B1195388D20070C39A /* Foundation.framework in Frameworks */ = {isa = PBXBuildFile; fileRef = 6003F58D195388D20070C39A /* Foundation.framework */; };
		6003F5B2195388D20070C39A /* UIKit.framework in Frameworks */ = {isa = PBXBuildFile; fileRef = 6003F591195388D20070C39A /* UIKit.framework */; };
		6003F5BA195388D20070C39A /* InfoPlist.strings in Resources */ = {isa = PBXBuildFile; fileRef = 6003F5B8195388D20070C39A /* InfoPlist.strings */; };
		6003F5BC195388D20070C39A /* Tests.m in Sources */ = {isa = PBXBuildFile; fileRef = 6003F5BB195388D20070C39A /* Tests.m */; };
		71719F9F1E33DC2100824A3D /* LaunchScreen.storyboard in Resources */ = {isa = PBXBuildFile; fileRef = 71719F9D1E33DC2100824A3D /* LaunchScreen.storyboard */; };
		873B8AEB1B1F5CCA007FD442 /* Main.storyboard in Resources */ = {isa = PBXBuildFile; fileRef = 873B8AEA1B1F5CCA007FD442 /* Main.storyboard */; };
		9B57A6825801C999042D81E4 /* Pods_GoogleDriveBrowser_Example.framework in Frameworks */ = {isa = PBXBuildFile; fileRef = 3E4697CD34ADA2BD391F98E0 /* Pods_GoogleDriveBrowser_Example.framework */; };
		AF562695206372DF0093B348 /* credentials.plist in Resources */ = {isa = PBXBuildFile; fileRef = AF562694206372DF0093B348 /* credentials.plist */; };
		FBAE44FE098A7D73F7655DEE /* Pods_GoogleDriveBrowser_Tests.framework in Frameworks */ = {isa = PBXBuildFile; fileRef = FD2FA04A0297BB31F220F454 /* Pods_GoogleDriveBrowser_Tests.framework */; };
/* End PBXBuildFile section */

/* Begin PBXContainerItemProxy section */
		6003F5B3195388D20070C39A /* PBXContainerItemProxy */ = {
			isa = PBXContainerItemProxy;
			containerPortal = 6003F582195388D10070C39A /* Project object */;
			proxyType = 1;
			remoteGlobalIDString = 6003F589195388D20070C39A;
			remoteInfo = GoogleDriveBrowser;
		};
/* End PBXContainerItemProxy section */

/* Begin PBXFileReference section */
		2B109724D87AC6FF6016ED48 /* GoogleDriveBrowser.podspec */ = {isa = PBXFileReference; includeInIndex = 1; lastKnownFileType = text; name = GoogleDriveBrowser.podspec; path = ../GoogleDriveBrowser.podspec; sourceTree = "<group>"; xcLanguageSpecificationIdentifier = xcode.lang.ruby; };
		2B24E946F3963091B9D4C806 /* README.md */ = {isa = PBXFileReference; includeInIndex = 1; lastKnownFileType = net.daringfireball.markdown; name = README.md; path = ../README.md; sourceTree = "<group>"; };
		3A8632C9619CB205F240D662 /* Pods-GoogleDriveBrowser_Tests.debug.xcconfig */ = {isa = PBXFileReference; includeInIndex = 1; lastKnownFileType = text.xcconfig; name = "Pods-GoogleDriveBrowser_Tests.debug.xcconfig"; path = "Pods/Target Support Files/Pods-GoogleDriveBrowser_Tests/Pods-GoogleDriveBrowser_Tests.debug.xcconfig"; sourceTree = "<group>"; };
		3E4697CD34ADA2BD391F98E0 /* Pods_GoogleDriveBrowser_Example.framework */ = {isa = PBXFileReference; explicitFileType = wrapper.framework; includeInIndex = 0; path = Pods_GoogleDriveBrowser_Example.framework; sourceTree = BUILT_PRODUCTS_DIR; };
		53113E65DAE5C5ADCADDE3C0 /* Pods-GoogleDriveBrowser_Example.debug.xcconfig */ = {isa = PBXFileReference; includeInIndex = 1; lastKnownFileType = text.xcconfig; name = "Pods-GoogleDriveBrowser_Example.debug.xcconfig"; path = "Pods/Target Support Files/Pods-GoogleDriveBrowser_Example/Pods-GoogleDriveBrowser_Example.debug.xcconfig"; sourceTree = "<group>"; };
		6003F58A195388D20070C39A /* GoogleDriveBrowser_Example.app */ = {isa = PBXFileReference; explicitFileType = wrapper.application; includeInIndex = 0; path = GoogleDriveBrowser_Example.app; sourceTree = BUILT_PRODUCTS_DIR; };
		6003F58D195388D20070C39A /* Foundation.framework */ = {isa = PBXFileReference; lastKnownFileType = wrapper.framework; name = Foundation.framework; path = System/Library/Frameworks/Foundation.framework; sourceTree = SDKROOT; };
		6003F58F195388D20070C39A /* CoreGraphics.framework */ = {isa = PBXFileReference; lastKnownFileType = wrapper.framework; name = CoreGraphics.framework; path = System/Library/Frameworks/CoreGraphics.framework; sourceTree = SDKROOT; };
		6003F591195388D20070C39A /* UIKit.framework */ = {isa = PBXFileReference; lastKnownFileType = wrapper.framework; name = UIKit.framework; path = System/Library/Frameworks/UIKit.framework; sourceTree = SDKROOT; };
		6003F595195388D20070C39A /* GoogleDriveBrowser-Info.plist */ = {isa = PBXFileReference; lastKnownFileType = text.plist.xml; path = "GoogleDriveBrowser-Info.plist"; sourceTree = "<group>"; };
		6003F597195388D20070C39A /* en */ = {isa = PBXFileReference; lastKnownFileType = text.plist.strings; name = en; path = en.lproj/InfoPlist.strings; sourceTree = "<group>"; };
		6003F599195388D20070C39A /* main.m */ = {isa = PBXFileReference; lastKnownFileType = sourcecode.c.objc; path = main.m; sourceTree = "<group>"; };
		6003F59B195388D20070C39A /* GoogleDriveBrowser-Prefix.pch */ = {isa = PBXFileReference; lastKnownFileType = sourcecode.c.h; path = "GoogleDriveBrowser-Prefix.pch"; sourceTree = "<group>"; };
		6003F59C195388D20070C39A /* SDGDAppDelegate.h */ = {isa = PBXFileReference; lastKnownFileType = sourcecode.c.h; path = SDGDAppDelegate.h; sourceTree = "<group>"; };
		6003F59D195388D20070C39A /* SDGDAppDelegate.m */ = {isa = PBXFileReference; lastKnownFileType = sourcecode.c.objc; path = SDGDAppDelegate.m; sourceTree = "<group>"; };
		6003F5A5195388D20070C39A /* SDGDViewController.h */ = {isa = PBXFileReference; lastKnownFileType = sourcecode.c.h; path = SDGDViewController.h; sourceTree = "<group>"; };
		6003F5A6195388D20070C39A /* SDGDViewController.m */ = {isa = PBXFileReference; lastKnownFileType = sourcecode.c.objc; path = SDGDViewController.m; sourceTree = "<group>"; };
		6003F5A8195388D20070C39A /* Images.xcassets */ = {isa = PBXFileReference; lastKnownFileType = folder.assetcatalog; path = Images.xcassets; sourceTree = "<group>"; };
		6003F5AE195388D20070C39A /* GoogleDriveBrowser_Tests.xctest */ = {isa = PBXFileReference; explicitFileType = wrapper.cfbundle; includeInIndex = 0; path = GoogleDriveBrowser_Tests.xctest; sourceTree = BUILT_PRODUCTS_DIR; };
		6003F5AF195388D20070C39A /* XCTest.framework */ = {isa = PBXFileReference; lastKnownFileType = wrapper.framework; name = XCTest.framework; path = Library/Frameworks/XCTest.framework; sourceTree = DEVELOPER_DIR; };
		6003F5B7195388D20070C39A /* Tests-Info.plist */ = {isa = PBXFileReference; lastKnownFileType = text.plist.xml; path = "Tests-Info.plist"; sourceTree = "<group>"; };
		6003F5B9195388D20070C39A /* en */ = {isa = PBXFileReference; lastKnownFileType = text.plist.strings; name = en; path = en.lproj/InfoPlist.strings; sourceTree = "<group>"; };
		6003F5BB195388D20070C39A /* Tests.m */ = {isa = PBXFileReference; lastKnownFileType = sourcecode.c.objc; path = Tests.m; sourceTree = "<group>"; };
		606FC2411953D9B200FFA9A0 /* Tests-Prefix.pch */ = {isa = PBXFileReference; lastKnownFileType = sourcecode.c.h; path = "Tests-Prefix.pch"; sourceTree = "<group>"; };
		71719F9E1E33DC2100824A3D /* Base */ = {isa = PBXFileReference; lastKnownFileType = file.storyboard; name = Base; path = Base.lproj/LaunchScreen.storyboard; sourceTree = "<group>"; };
		873B8AEA1B1F5CCA007FD442 /* Main.storyboard */ = {isa = PBXFileReference; fileEncoding = 4; lastKnownFileType = file.storyboard; name = Main.storyboard; path = Base.lproj/Main.storyboard; sourceTree = "<group>"; };
		A24F6726CA55B4A0C6FA080E /* Pods-GoogleDriveBrowser_Example.release.xcconfig */ = {isa = PBXFileReference; includeInIndex = 1; lastKnownFileType = text.xcconfig; name = "Pods-GoogleDriveBrowser_Example.release.xcconfig"; path = "Pods/Target Support Files/Pods-GoogleDriveBrowser_Example/Pods-GoogleDriveBrowser_Example.release.xcconfig"; sourceTree = "<group>"; };
		AF562694206372DF0093B348 /* credentials.plist */ = {isa = PBXFileReference; fileEncoding = 4; lastKnownFileType = text.plist.xml; path = credentials.plist; sourceTree = "<group>"; };
		DCAE0864BE1ED9A0920BFE8E /* LICENSE */ = {isa = PBXFileReference; includeInIndex = 1; lastKnownFileType = text; name = LICENSE; path = ../LICENSE; sourceTree = "<group>"; };
		F0EFD9E86E200C452235612C /* Pods-GoogleDriveBrowser_Tests.release.xcconfig */ = {isa = PBXFileReference; includeInIndex = 1; lastKnownFileType = text.xcconfig; name = "Pods-GoogleDriveBrowser_Tests.release.xcconfig"; path = "Pods/Target Support Files/Pods-GoogleDriveBrowser_Tests/Pods-GoogleDriveBrowser_Tests.release.xcconfig"; sourceTree = "<group>"; };
		FD2FA04A0297BB31F220F454 /* Pods_GoogleDriveBrowser_Tests.framework */ = {isa = PBXFileReference; explicitFileType = wrapper.framework; includeInIndex = 0; path = Pods_GoogleDriveBrowser_Tests.framework; sourceTree = BUILT_PRODUCTS_DIR; };
/* End PBXFileReference section */

/* Begin PBXFrameworksBuildPhase section */
		6003F587195388D20070C39A /* Frameworks */ = {
			isa = PBXFrameworksBuildPhase;
			buildActionMask = 2147483647;
			files = (
				6003F590195388D20070C39A /* CoreGraphics.framework in Frameworks */,
				6003F592195388D20070C39A /* UIKit.framework in Frameworks */,
				6003F58E195388D20070C39A /* Foundation.framework in Frameworks */,
				9B57A6825801C999042D81E4 /* Pods_GoogleDriveBrowser_Example.framework in Frameworks */,
			);
			runOnlyForDeploymentPostprocessing = 0;
		};
		6003F5AB195388D20070C39A /* Frameworks */ = {
			isa = PBXFrameworksBuildPhase;
			buildActionMask = 2147483647;
			files = (
				6003F5B0195388D20070C39A /* XCTest.framework in Frameworks */,
				6003F5B2195388D20070C39A /* UIKit.framework in Frameworks */,
				6003F5B1195388D20070C39A /* Foundation.framework in Frameworks */,
				FBAE44FE098A7D73F7655DEE /* Pods_GoogleDriveBrowser_Tests.framework in Frameworks */,
			);
			runOnlyForDeploymentPostprocessing = 0;
		};
/* End PBXFrameworksBuildPhase section */

/* Begin PBXGroup section */
		0CC1F21D142F55EB8C99B8B3 /* Pods */ = {
			isa = PBXGroup;
			children = (
				53113E65DAE5C5ADCADDE3C0 /* Pods-GoogleDriveBrowser_Example.debug.xcconfig */,
				A24F6726CA55B4A0C6FA080E /* Pods-GoogleDriveBrowser_Example.release.xcconfig */,
				3A8632C9619CB205F240D662 /* Pods-GoogleDriveBrowser_Tests.debug.xcconfig */,
				F0EFD9E86E200C452235612C /* Pods-GoogleDriveBrowser_Tests.release.xcconfig */,
			);
			name = Pods;
			sourceTree = "<group>";
		};
		6003F581195388D10070C39A = {
			isa = PBXGroup;
			children = (
				60FF7A9C1954A5C5007DD14C /* Podspec Metadata */,
				6003F593195388D20070C39A /* Example for GoogleDriveBrowser */,
				6003F5B5195388D20070C39A /* Tests */,
				6003F58C195388D20070C39A /* Frameworks */,
				6003F58B195388D20070C39A /* Products */,
				0CC1F21D142F55EB8C99B8B3 /* Pods */,
			);
			sourceTree = "<group>";
		};
		6003F58B195388D20070C39A /* Products */ = {
			isa = PBXGroup;
			children = (
				6003F58A195388D20070C39A /* GoogleDriveBrowser_Example.app */,
				6003F5AE195388D20070C39A /* GoogleDriveBrowser_Tests.xctest */,
			);
			name = Products;
			sourceTree = "<group>";
		};
		6003F58C195388D20070C39A /* Frameworks */ = {
			isa = PBXGroup;
			children = (
				6003F58D195388D20070C39A /* Foundation.framework */,
				6003F58F195388D20070C39A /* CoreGraphics.framework */,
				6003F591195388D20070C39A /* UIKit.framework */,
				6003F5AF195388D20070C39A /* XCTest.framework */,
				3E4697CD34ADA2BD391F98E0 /* Pods_GoogleDriveBrowser_Example.framework */,
				FD2FA04A0297BB31F220F454 /* Pods_GoogleDriveBrowser_Tests.framework */,
			);
			name = Frameworks;
			sourceTree = "<group>";
		};
		6003F593195388D20070C39A /* Example for GoogleDriveBrowser */ = {
			isa = PBXGroup;
			children = (
				AF562694206372DF0093B348 /* credentials.plist */,
				6003F59C195388D20070C39A /* SDGDAppDelegate.h */,
				6003F59D195388D20070C39A /* SDGDAppDelegate.m */,
				873B8AEA1B1F5CCA007FD442 /* Main.storyboard */,
				6003F5A5195388D20070C39A /* SDGDViewController.h */,
				6003F5A6195388D20070C39A /* SDGDViewController.m */,
				71719F9D1E33DC2100824A3D /* LaunchScreen.storyboard */,
				6003F5A8195388D20070C39A /* Images.xcassets */,
				6003F594195388D20070C39A /* Supporting Files */,
			);
			name = "Example for GoogleDriveBrowser";
			path = GoogleDriveBrowser;
			sourceTree = "<group>";
		};
		6003F594195388D20070C39A /* Supporting Files */ = {
			isa = PBXGroup;
			children = (
				6003F595195388D20070C39A /* GoogleDriveBrowser-Info.plist */,
				6003F596195388D20070C39A /* InfoPlist.strings */,
				6003F599195388D20070C39A /* main.m */,
				6003F59B195388D20070C39A /* GoogleDriveBrowser-Prefix.pch */,
			);
			name = "Supporting Files";
			sourceTree = "<group>";
		};
		6003F5B5195388D20070C39A /* Tests */ = {
			isa = PBXGroup;
			children = (
				6003F5BB195388D20070C39A /* Tests.m */,
				6003F5B6195388D20070C39A /* Supporting Files */,
			);
			path = Tests;
			sourceTree = "<group>";
		};
		6003F5B6195388D20070C39A /* Supporting Files */ = {
			isa = PBXGroup;
			children = (
				6003F5B7195388D20070C39A /* Tests-Info.plist */,
				6003F5B8195388D20070C39A /* InfoPlist.strings */,
				606FC2411953D9B200FFA9A0 /* Tests-Prefix.pch */,
			);
			name = "Supporting Files";
			sourceTree = "<group>";
		};
		60FF7A9C1954A5C5007DD14C /* Podspec Metadata */ = {
			isa = PBXGroup;
			children = (
				2B109724D87AC6FF6016ED48 /* GoogleDriveBrowser.podspec */,
				2B24E946F3963091B9D4C806 /* README.md */,
				DCAE0864BE1ED9A0920BFE8E /* LICENSE */,
			);
			name = "Podspec Metadata";
			sourceTree = "<group>";
		};
/* End PBXGroup section */

/* Begin PBXNativeTarget section */
		6003F589195388D20070C39A /* GoogleDriveBrowser_Example */ = {
			isa = PBXNativeTarget;
			buildConfigurationList = 6003F5BF195388D20070C39A /* Build configuration list for PBXNativeTarget "GoogleDriveBrowser_Example" */;
			buildPhases = (
				7A8849E77E858E23FBC23244 /* [CP] Check Pods Manifest.lock */,
				6003F586195388D20070C39A /* Sources */,
				6003F587195388D20070C39A /* Frameworks */,
				6003F588195388D20070C39A /* Resources */,
				52AC4CC53A2EA908FE4DA8B3 /* [CP] Embed Pods Frameworks */,
				D53F12D82B2CB848FBF294C9 /* [CP] Copy Pods Resources */,
			);
			buildRules = (
			);
			dependencies = (
			);
			name = GoogleDriveBrowser_Example;
			productName = GoogleDriveBrowser;
			productReference = 6003F58A195388D20070C39A /* GoogleDriveBrowser_Example.app */;
			productType = "com.apple.product-type.application";
		};
		6003F5AD195388D20070C39A /* GoogleDriveBrowser_Tests */ = {
			isa = PBXNativeTarget;
			buildConfigurationList = 6003F5C2195388D20070C39A /* Build configuration list for PBXNativeTarget "GoogleDriveBrowser_Tests" */;
			buildPhases = (
				52E3523959A926CA5AE487B2 /* [CP] Check Pods Manifest.lock */,
				6003F5AA195388D20070C39A /* Sources */,
				6003F5AB195388D20070C39A /* Frameworks */,
				6003F5AC195388D20070C39A /* Resources */,
				209B130B9F3418A1BA30F3D4 /* [CP] Embed Pods Frameworks */,
				CB0F8256BA47519B58F158D9 /* [CP] Copy Pods Resources */,
			);
			buildRules = (
			);
			dependencies = (
				6003F5B4195388D20070C39A /* PBXTargetDependency */,
			);
			name = GoogleDriveBrowser_Tests;
			productName = GoogleDriveBrowserTests;
			productReference = 6003F5AE195388D20070C39A /* GoogleDriveBrowser_Tests.xctest */;
			productType = "com.apple.product-type.bundle.unit-test";
		};
/* End PBXNativeTarget section */

/* Begin PBXProject section */
		6003F582195388D10070C39A /* Project object */ = {
			isa = PBXProject;
			attributes = {
				CLASSPREFIX = SDGD;
				LastUpgradeCheck = 0720;
				ORGANIZATIONNAME = "sourovsuet@gmail.com";
				TargetAttributes = {
					6003F5AD195388D20070C39A = {
						TestTargetID = 6003F589195388D20070C39A;
					};
				};
			};
			buildConfigurationList = 6003F585195388D10070C39A /* Build configuration list for PBXProject "GoogleDriveBrowser" */;
			compatibilityVersion = "Xcode 3.2";
			developmentRegion = English;
			hasScannedForEncodings = 0;
			knownRegions = (
				en,
				Base,
			);
			mainGroup = 6003F581195388D10070C39A;
			productRefGroup = 6003F58B195388D20070C39A /* Products */;
			projectDirPath = "";
			projectRoot = "";
			targets = (
				6003F589195388D20070C39A /* GoogleDriveBrowser_Example */,
				6003F5AD195388D20070C39A /* GoogleDriveBrowser_Tests */,
			);
		};
/* End PBXProject section */

/* Begin PBXResourcesBuildPhase section */
		6003F588195388D20070C39A /* Resources */ = {
			isa = PBXResourcesBuildPhase;
			buildActionMask = 2147483647;
			files = (
				873B8AEB1B1F5CCA007FD442 /* Main.storyboard in Resources */,
				71719F9F1E33DC2100824A3D /* LaunchScreen.storyboard in Resources */,
				AF562695206372DF0093B348 /* credentials.plist in Resources */,
				6003F5A9195388D20070C39A /* Images.xcassets in Resources */,
				6003F598195388D20070C39A /* InfoPlist.strings in Resources */,
			);
			runOnlyForDeploymentPostprocessing = 0;
		};
		6003F5AC195388D20070C39A /* Resources */ = {
			isa = PBXResourcesBuildPhase;
			buildActionMask = 2147483647;
			files = (
				6003F5BA195388D20070C39A /* InfoPlist.strings in Resources */,
			);
			runOnlyForDeploymentPostprocessing = 0;
		};
/* End PBXResourcesBuildPhase section */

/* Begin PBXShellScriptBuildPhase section */
		209B130B9F3418A1BA30F3D4 /* [CP] Embed Pods Frameworks */ = {
			isa = PBXShellScriptBuildPhase;
			buildActionMask = 2147483647;
			files = (
			);
			inputPaths = (
			);
			name = "[CP] Embed Pods Frameworks";
			outputPaths = (
			);
			runOnlyForDeploymentPostprocessing = 0;
			shellPath = /bin/sh;
			shellScript = "\"${SRCROOT}/Pods/Target Support Files/Pods-GoogleDriveBrowser_Tests/Pods-GoogleDriveBrowser_Tests-frameworks.sh\"\n";
			showEnvVarsInLog = 0;
		};
		52AC4CC53A2EA908FE4DA8B3 /* [CP] Embed Pods Frameworks */ = {
			isa = PBXShellScriptBuildPhase;
			buildActionMask = 2147483647;
			files = (
			);
			inputPaths = (
				"${SRCROOT}/Pods/Target Support Files/Pods-GoogleDriveBrowser_Example/Pods-GoogleDriveBrowser_Example-frameworks.sh",
				"${BUILT_PRODUCTS_DIR}/GTMOAuth2/GTMOAuth2.framework",
				"${BUILT_PRODUCTS_DIR}/GTMSessionFetcher/GTMSessionFetcher.framework",
				"${BUILT_PRODUCTS_DIR}/GoogleAPIClientForREST/GoogleAPIClientForREST.framework",
				"${BUILT_PRODUCTS_DIR}/GoogleToolboxForMac/GoogleToolboxForMac.framework",
			);
			name = "[CP] Embed Pods Frameworks";
			outputPaths = (
				"${TARGET_BUILD_DIR}/${FRAMEWORKS_FOLDER_PATH}/GTMOAuth2.framework",
				"${TARGET_BUILD_DIR}/${FRAMEWORKS_FOLDER_PATH}/GTMSessionFetcher.framework",
				"${TARGET_BUILD_DIR}/${FRAMEWORKS_FOLDER_PATH}/GoogleAPIClientForREST.framework",
				"${TARGET_BUILD_DIR}/${FRAMEWORKS_FOLDER_PATH}/GoogleToolboxForMac.framework",
			);
			runOnlyForDeploymentPostprocessing = 0;
			shellPath = /bin/sh;
			shellScript = "\"${SRCROOT}/Pods/Target Support Files/Pods-GoogleDriveBrowser_Example/Pods-GoogleDriveBrowser_Example-frameworks.sh\"\n";
			showEnvVarsInLog = 0;
		};
		52E3523959A926CA5AE487B2 /* [CP] Check Pods Manifest.lock */ = {
			isa = PBXShellScriptBuildPhase;
			buildActionMask = 2147483647;
			files = (
			);
			inputPaths = (
				"${PODS_PODFILE_DIR_PATH}/Podfile.lock",
				"${PODS_ROOT}/Manifest.lock",
			);
			name = "[CP] Check Pods Manifest.lock";
			outputPaths = (
				"$(DERIVED_FILE_DIR)/Pods-GoogleDriveBrowser_Tests-checkManifestLockResult.txt",
			);
			runOnlyForDeploymentPostprocessing = 0;
			shellPath = /bin/sh;
			shellScript = "diff \"${PODS_PODFILE_DIR_PATH}/Podfile.lock\" \"${PODS_ROOT}/Manifest.lock\" > /dev/null\nif [ $? != 0 ] ; then\n    # print error to STDERR\n    echo \"error: The sandbox is not in sync with the Podfile.lock. Run 'pod install' or update your CocoaPods installation.\" >&2\n    exit 1\nfi\n# This output is used by Xcode 'outputs' to avoid re-running this script phase.\necho \"SUCCESS\" > \"${SCRIPT_OUTPUT_FILE_0}\"\n";
			showEnvVarsInLog = 0;
		};
		7A8849E77E858E23FBC23244 /* [CP] Check Pods Manifest.lock */ = {
			isa = PBXShellScriptBuildPhase;
			buildActionMask = 2147483647;
			files = (
			);
			inputPaths = (
				"${PODS_PODFILE_DIR_PATH}/Podfile.lock",
				"${PODS_ROOT}/Manifest.lock",
			);
			name = "[CP] Check Pods Manifest.lock";
			outputPaths = (
				"$(DERIVED_FILE_DIR)/Pods-GoogleDriveBrowser_Example-checkManifestLockResult.txt",
			);
			runOnlyForDeploymentPostprocessing = 0;
			shellPath = /bin/sh;
			shellScript = "diff \"${PODS_PODFILE_DIR_PATH}/Podfile.lock\" \"${PODS_ROOT}/Manifest.lock\" > /dev/null\nif [ $? != 0 ] ; then\n    # print error to STDERR\n    echo \"error: The sandbox is not in sync with the Podfile.lock. Run 'pod install' or update your CocoaPods installation.\" >&2\n    exit 1\nfi\n# This output is used by Xcode 'outputs' to avoid re-running this script phase.\necho \"SUCCESS\" > \"${SCRIPT_OUTPUT_FILE_0}\"\n";
			showEnvVarsInLog = 0;
		};
		CB0F8256BA47519B58F158D9 /* [CP] Copy Pods Resources */ = {
			isa = PBXShellScriptBuildPhase;
			buildActionMask = 2147483647;
			files = (
			);
			inputPaths = (
			);
			name = "[CP] Copy Pods Resources";
			outputPaths = (
			);
			runOnlyForDeploymentPostprocessing = 0;
			shellPath = /bin/sh;
			shellScript = "\"${SRCROOT}/Pods/Target Support Files/Pods-GoogleDriveBrowser_Tests/Pods-GoogleDriveBrowser_Tests-resources.sh\"\n";
			showEnvVarsInLog = 0;
		};
		D53F12D82B2CB848FBF294C9 /* [CP] Copy Pods Resources */ = {
			isa = PBXShellScriptBuildPhase;
			buildActionMask = 2147483647;
			files = (
			);
			inputPaths = (
				"${SRCROOT}/Pods/Target Support Files/Pods-GoogleDriveBrowser_Example/Pods-GoogleDriveBrowser_Example-resources.sh",
				"${PODS_ROOT}/../../Resources/Assets.xcassets/3ds.imageset/3ds.png",
				"${PODS_ROOT}/../../Resources/Assets.xcassets/3ds.imageset/Contents.json",
				"${PODS_ROOT}/../../Resources/Assets.xcassets/aac.imageset/aac.png",
				"${PODS_ROOT}/../../Resources/Assets.xcassets/aac.imageset/Contents.json",
				"${PODS_ROOT}/../../Resources/Assets.xcassets/ai.imageset/ai.png",
				"${PODS_ROOT}/../../Resources/Assets.xcassets/ai.imageset/Contents.json",
				"${PODS_ROOT}/../../Resources/Assets.xcassets/AppIcon.appiconset/Contents.json",
				"${PODS_ROOT}/../../Resources/Assets.xcassets/avi.imageset/avi.png",
				"${PODS_ROOT}/../../Resources/Assets.xcassets/avi.imageset/Contents.json",
				"${PODS_ROOT}/../../Resources/Assets.xcassets/bmp.imageset/bmp.png",
				"${PODS_ROOT}/../../Resources/Assets.xcassets/bmp.imageset/Contents.json",
				"${PODS_ROOT}/../../Resources/Assets.xcassets/cad.imageset/cad.png",
				"${PODS_ROOT}/../../Resources/Assets.xcassets/cad.imageset/Contents.json",
				"${PODS_ROOT}/../../Resources/Assets.xcassets/Contents.json",
				"${PODS_ROOT}/../../Resources/Assets.xcassets/css.imageset/Contents.json",
				"${PODS_ROOT}/../../Resources/Assets.xcassets/css.imageset/css.png",
				"${PODS_ROOT}/../../Resources/Assets.xcassets/csv.imageset/Contents.json",
				"${PODS_ROOT}/../../Resources/Assets.xcassets/csv.imageset/csv.png",
				"${PODS_ROOT}/../../Resources/Assets.xcassets/dat.imageset/Contents.json",
				"${PODS_ROOT}/../../Resources/Assets.xcassets/dat.imageset/dat.png",
				"${PODS_ROOT}/../../Resources/Assets.xcassets/dmg.imageset/Contents.json",
				"${PODS_ROOT}/../../Resources/Assets.xcassets/dmg.imageset/dmg.png",
				"${PODS_ROOT}/../../Resources/Assets.xcassets/doc.imageset/Contents.json",
				"${PODS_ROOT}/../../Resources/Assets.xcassets/doc.imageset/doc.png",
				"${PODS_ROOT}/../../Resources/Assets.xcassets/docx.imageset/Contents.json",
				"${PODS_ROOT}/../../Resources/Assets.xcassets/docx.imageset/doc.png",
				"${PODS_ROOT}/../../Resources/Assets.xcassets/download.imageset/Contents.json",
				"${PODS_ROOT}/../../Resources/Assets.xcassets/download.imageset/download.png",
				"${PODS_ROOT}/../../Resources/Assets.xcassets/eps.imageset/Contents.json",
				"${PODS_ROOT}/../../Resources/Assets.xcassets/eps.imageset/eps.png",
				"${PODS_ROOT}/../../Resources/Assets.xcassets/file.imageset/Contents.json",
				"${PODS_ROOT}/../../Resources/Assets.xcassets/file.imageset/file.png",
				"${PODS_ROOT}/../../Resources/Assets.xcassets/fla.imageset/Contents.json",
				"${PODS_ROOT}/../../Resources/Assets.xcassets/fla.imageset/fla.png",
				"${PODS_ROOT}/../../Resources/Assets.xcassets/folder.imageset/Contents.json",
				"${PODS_ROOT}/../../Resources/Assets.xcassets/folder.imageset/folder-1.png",
				"${PODS_ROOT}/../../Resources/Assets.xcassets/gif.imageset/Contents.json",
				"${PODS_ROOT}/../../Resources/Assets.xcassets/gif.imageset/gif.png",
				"${PODS_ROOT}/../../Resources/Assets.xcassets/html.imageset/Contents.json",
				"${PODS_ROOT}/../../Resources/Assets.xcassets/html.imageset/html.png",
				"${PODS_ROOT}/../../Resources/Assets.xcassets/iso.imageset/Contents.json",
				"${PODS_ROOT}/../../Resources/Assets.xcassets/iso.imageset/iso.png",
				"${PODS_ROOT}/../../Resources/Assets.xcassets/jpg.imageset/Contents.json",
				"${PODS_ROOT}/../../Resources/Assets.xcassets/jpg.imageset/jpg.png",
				"${PODS_ROOT}/../../Resources/Assets.xcassets/js.imageset/Contents.json",
				"${PODS_ROOT}/../../Resources/Assets.xcassets/js.imageset/js.png",
				"${PODS_ROOT}/../../Resources/Assets.xcassets/mp3.imageset/Contents.json",
				"${PODS_ROOT}/../../Resources/Assets.xcassets/mp3.imageset/mp3.png",
				"${PODS_ROOT}/../../Resources/Assets.xcassets/mp4.imageset/Contents.json",
				"${PODS_ROOT}/../../Resources/Assets.xcassets/mp4.imageset/mp4.png",
				"${PODS_ROOT}/../../Resources/Assets.xcassets/mpg.imageset/Contents.json",
				"${PODS_ROOT}/../../Resources/Assets.xcassets/mpg.imageset/mpg.png",
				"${PODS_ROOT}/../../Resources/Assets.xcassets/pdf.imageset/Contents.json",
				"${PODS_ROOT}/../../Resources/Assets.xcassets/pdf.imageset/pdf.png",
				"${PODS_ROOT}/../../Resources/Assets.xcassets/php.imageset/Contents.json",
				"${PODS_ROOT}/../../Resources/Assets.xcassets/php.imageset/php.png",
				"${PODS_ROOT}/../../Resources/Assets.xcassets/png.imageset/Contents.json",
				"${PODS_ROOT}/../../Resources/Assets.xcassets/png.imageset/png.png",
				"${PODS_ROOT}/../../Resources/Assets.xcassets/ppt.imageset/Contents.json",
				"${PODS_ROOT}/../../Resources/Assets.xcassets/ppt.imageset/ppt.png",
				"${PODS_ROOT}/../../Resources/Assets.xcassets/proj.imageset/Contents.json",
				"${PODS_ROOT}/../../Resources/Assets.xcassets/proj.imageset/proj.png",
				"${PODS_ROOT}/../../Resources/Assets.xcassets/psd.imageset/Contents.json",
				"${PODS_ROOT}/../../Resources/Assets.xcassets/psd.imageset/psd.png",
				"${PODS_ROOT}/../../Resources/Assets.xcassets/raw.imageset/Contents.json",
				"${PODS_ROOT}/../../Resources/Assets.xcassets/raw.imageset/raw.png",
				"${PODS_ROOT}/../../Resources/Assets.xcassets/sql.imageset/Contents.json",
				"${PODS_ROOT}/../../Resources/Assets.xcassets/sql.imageset/sql.png",
				"${PODS_ROOT}/../../Resources/Assets.xcassets/svg.imageset/Contents.json",
				"${PODS_ROOT}/../../Resources/Assets.xcassets/svg.imageset/svg.png",
				"${PODS_ROOT}/../../Resources/Assets.xcassets/txt.imageset/Contents.json",
				"${PODS_ROOT}/../../Resources/Assets.xcassets/txt.imageset/txt.png",
				"${PODS_ROOT}/../../Resources/Assets.xcassets/wmv.imageset/Contents.json",
				"${PODS_ROOT}/../../Resources/Assets.xcassets/wmv.imageset/wmv.png",
				"${PODS_ROOT}/../../Resources/Assets.xcassets/xls.imageset/Contents.json",
				"${PODS_ROOT}/../../Resources/Assets.xcassets/xls.imageset/xls.png",
				"${PODS_ROOT}/../../Resources/Assets.xcassets/xml.imageset/Contents.json",
				"${PODS_ROOT}/../../Resources/Assets.xcassets/xml.imageset/xml.png",
				"${PODS_ROOT}/../../Resources/Assets.xcassets/zip.imageset/Contents.json",
				"${PODS_ROOT}/../../Resources/Assets.xcassets/zip.imageset/zip.png",
				"${PODS_ROOT}/../../Resources/SDGD.storyboard",
				"${PODS_ROOT}/../../Resources/Assets.xcassets",
				"${PODS_ROOT}/../../Resources/Assets.xcassets/3ds.imageset",
				"${PODS_ROOT}/../../Resources/Assets.xcassets/aac.imageset",
				"${PODS_ROOT}/../../Resources/Assets.xcassets/ai.imageset",
				"${PODS_ROOT}/../../Resources/Assets.xcassets/AppIcon.appiconset",
				"${PODS_ROOT}/../../Resources/Assets.xcassets/avi.imageset",
				"${PODS_ROOT}/../../Resources/Assets.xcassets/bmp.imageset",
				"${PODS_ROOT}/../../Resources/Assets.xcassets/cad.imageset",
				"${PODS_ROOT}/../../Resources/Assets.xcassets/css.imageset",
				"${PODS_ROOT}/../../Resources/Assets.xcassets/csv.imageset",
				"${PODS_ROOT}/../../Resources/Assets.xcassets/dat.imageset",
				"${PODS_ROOT}/../../Resources/Assets.xcassets/dmg.imageset",
				"${PODS_ROOT}/../../Resources/Assets.xcassets/doc.imageset",
				"${PODS_ROOT}/../../Resources/Assets.xcassets/docx.imageset",
				"${PODS_ROOT}/../../Resources/Assets.xcassets/download.imageset",
				"${PODS_ROOT}/../../Resources/Assets.xcassets/eps.imageset",
				"${PODS_ROOT}/../../Resources/Assets.xcassets/file.imageset",
				"${PODS_ROOT}/../../Resources/Assets.xcassets/fla.imageset",
				"${PODS_ROOT}/../../Resources/Assets.xcassets/folder.imageset",
				"${PODS_ROOT}/../../Resources/Assets.xcassets/gif.imageset",
				"${PODS_ROOT}/../../Resources/Assets.xcassets/html.imageset",
				"${PODS_ROOT}/../../Resources/Assets.xcassets/iso.imageset",
				"${PODS_ROOT}/../../Resources/Assets.xcassets/jpg.imageset",
				"${PODS_ROOT}/../../Resources/Assets.xcassets/js.imageset",
				"${PODS_ROOT}/../../Resources/Assets.xcassets/mp3.imageset",
				"${PODS_ROOT}/../../Resources/Assets.xcassets/mp4.imageset",
				"${PODS_ROOT}/../../Resources/Assets.xcassets/mpg.imageset",
				"${PODS_ROOT}/../../Resources/Assets.xcassets/pdf.imageset",
				"${PODS_ROOT}/../../Resources/Assets.xcassets/php.imageset",
				"${PODS_ROOT}/../../Resources/Assets.xcassets/png.imageset",
				"${PODS_ROOT}/../../Resources/Assets.xcassets/ppt.imageset",
				"${PODS_ROOT}/../../Resources/Assets.xcassets/proj.imageset",
				"${PODS_ROOT}/../../Resources/Assets.xcassets/psd.imageset",
				"${PODS_ROOT}/../../Resources/Assets.xcassets/raw.imageset",
				"${PODS_ROOT}/../../Resources/Assets.xcassets/sql.imageset",
				"${PODS_ROOT}/../../Resources/Assets.xcassets/svg.imageset",
				"${PODS_ROOT}/../../Resources/Assets.xcassets/txt.imageset",
				"${PODS_ROOT}/../../Resources/Assets.xcassets/wmv.imageset",
				"${PODS_ROOT}/../../Resources/Assets.xcassets/xls.imageset",
				"${PODS_ROOT}/../../Resources/Assets.xcassets/xml.imageset",
				"${PODS_ROOT}/../../Resources/Assets.xcassets/zip.imageset",
				"${PODS_ROOT}/GoogleSignIn/Resources/GoogleSignIn.bundle",
			);
			name = "[CP] Copy Pods Resources";
			outputPaths = (
				"${TARGET_BUILD_DIR}/${UNLOCALIZED_RESOURCES_FOLDER_PATH}/3ds.png",
				"${TARGET_BUILD_DIR}/${UNLOCALIZED_RESOURCES_FOLDER_PATH}/Contents.json",
				"${TARGET_BUILD_DIR}/${UNLOCALIZED_RESOURCES_FOLDER_PATH}/aac.png",
				"${TARGET_BUILD_DIR}/${UNLOCALIZED_RESOURCES_FOLDER_PATH}/ai.png",
				"${TARGET_BUILD_DIR}/${UNLOCALIZED_RESOURCES_FOLDER_PATH}/avi.png",
				"${TARGET_BUILD_DIR}/${UNLOCALIZED_RESOURCES_FOLDER_PATH}/bmp.png",
				"${TARGET_BUILD_DIR}/${UNLOCALIZED_RESOURCES_FOLDER_PATH}/cad.png",
				"${TARGET_BUILD_DIR}/${UNLOCALIZED_RESOURCES_FOLDER_PATH}/css.png",
				"${TARGET_BUILD_DIR}/${UNLOCALIZED_RESOURCES_FOLDER_PATH}/csv.png",
				"${TARGET_BUILD_DIR}/${UNLOCALIZED_RESOURCES_FOLDER_PATH}/dat.png",
				"${TARGET_BUILD_DIR}/${UNLOCALIZED_RESOURCES_FOLDER_PATH}/dmg.png",
				"${TARGET_BUILD_DIR}/${UNLOCALIZED_RESOURCES_FOLDER_PATH}/doc.png",
				"${TARGET_BUILD_DIR}/${UNLOCALIZED_RESOURCES_FOLDER_PATH}/download.png",
				"${TARGET_BUILD_DIR}/${UNLOCALIZED_RESOURCES_FOLDER_PATH}/eps.png",
				"${TARGET_BUILD_DIR}/${UNLOCALIZED_RESOURCES_FOLDER_PATH}/file.png",
				"${TARGET_BUILD_DIR}/${UNLOCALIZED_RESOURCES_FOLDER_PATH}/fla.png",
				"${TARGET_BUILD_DIR}/${UNLOCALIZED_RESOURCES_FOLDER_PATH}/folder-1.png",
				"${TARGET_BUILD_DIR}/${UNLOCALIZED_RESOURCES_FOLDER_PATH}/gif.png",
				"${TARGET_BUILD_DIR}/${UNLOCALIZED_RESOURCES_FOLDER_PATH}/html.png",
				"${TARGET_BUILD_DIR}/${UNLOCALIZED_RESOURCES_FOLDER_PATH}/iso.png",
				"${TARGET_BUILD_DIR}/${UNLOCALIZED_RESOURCES_FOLDER_PATH}/jpg.png",
				"${TARGET_BUILD_DIR}/${UNLOCALIZED_RESOURCES_FOLDER_PATH}/js.png",
				"${TARGET_BUILD_DIR}/${UNLOCALIZED_RESOURCES_FOLDER_PATH}/mp3.png",
				"${TARGET_BUILD_DIR}/${UNLOCALIZED_RESOURCES_FOLDER_PATH}/mp4.png",
				"${TARGET_BUILD_DIR}/${UNLOCALIZED_RESOURCES_FOLDER_PATH}/mpg.png",
				"${TARGET_BUILD_DIR}/${UNLOCALIZED_RESOURCES_FOLDER_PATH}/pdf.png",
				"${TARGET_BUILD_DIR}/${UNLOCALIZED_RESOURCES_FOLDER_PATH}/php.png",
				"${TARGET_BUILD_DIR}/${UNLOCALIZED_RESOURCES_FOLDER_PATH}/png.png",
				"${TARGET_BUILD_DIR}/${UNLOCALIZED_RESOURCES_FOLDER_PATH}/ppt.png",
				"${TARGET_BUILD_DIR}/${UNLOCALIZED_RESOURCES_FOLDER_PATH}/proj.png",
				"${TARGET_BUILD_DIR}/${UNLOCALIZED_RESOURCES_FOLDER_PATH}/psd.png",
				"${TARGET_BUILD_DIR}/${UNLOCALIZED_RESOURCES_FOLDER_PATH}/raw.png",
				"${TARGET_BUILD_DIR}/${UNLOCALIZED_RESOURCES_FOLDER_PATH}/sql.png",
				"${TARGET_BUILD_DIR}/${UNLOCALIZED_RESOURCES_FOLDER_PATH}/svg.png",
				"${TARGET_BUILD_DIR}/${UNLOCALIZED_RESOURCES_FOLDER_PATH}/txt.png",
				"${TARGET_BUILD_DIR}/${UNLOCALIZED_RESOURCES_FOLDER_PATH}/wmv.png",
				"${TARGET_BUILD_DIR}/${UNLOCALIZED_RESOURCES_FOLDER_PATH}/xls.png",
				"${TARGET_BUILD_DIR}/${UNLOCALIZED_RESOURCES_FOLDER_PATH}/xml.png",
				"${TARGET_BUILD_DIR}/${UNLOCALIZED_RESOURCES_FOLDER_PATH}/zip.png",
				"${TARGET_BUILD_DIR}/${UNLOCALIZED_RESOURCES_FOLDER_PATH}/SDGD.storyboardc",
				"${TARGET_BUILD_DIR}/${UNLOCALIZED_RESOURCES_FOLDER_PATH}/Assets.xcassets",
				"${TARGET_BUILD_DIR}/${UNLOCALIZED_RESOURCES_FOLDER_PATH}/3ds.imageset",
				"${TARGET_BUILD_DIR}/${UNLOCALIZED_RESOURCES_FOLDER_PATH}/aac.imageset",
				"${TARGET_BUILD_DIR}/${UNLOCALIZED_RESOURCES_FOLDER_PATH}/ai.imageset",
				"${TARGET_BUILD_DIR}/${UNLOCALIZED_RESOURCES_FOLDER_PATH}/AppIcon.appiconset",
				"${TARGET_BUILD_DIR}/${UNLOCALIZED_RESOURCES_FOLDER_PATH}/avi.imageset",
				"${TARGET_BUILD_DIR}/${UNLOCALIZED_RESOURCES_FOLDER_PATH}/bmp.imageset",
				"${TARGET_BUILD_DIR}/${UNLOCALIZED_RESOURCES_FOLDER_PATH}/cad.imageset",
				"${TARGET_BUILD_DIR}/${UNLOCALIZED_RESOURCES_FOLDER_PATH}/css.imageset",
				"${TARGET_BUILD_DIR}/${UNLOCALIZED_RESOURCES_FOLDER_PATH}/csv.imageset",
				"${TARGET_BUILD_DIR}/${UNLOCALIZED_RESOURCES_FOLDER_PATH}/dat.imageset",
				"${TARGET_BUILD_DIR}/${UNLOCALIZED_RESOURCES_FOLDER_PATH}/dmg.imageset",
				"${TARGET_BUILD_DIR}/${UNLOCALIZED_RESOURCES_FOLDER_PATH}/doc.imageset",
				"${TARGET_BUILD_DIR}/${UNLOCALIZED_RESOURCES_FOLDER_PATH}/docx.imageset",
				"${TARGET_BUILD_DIR}/${UNLOCALIZED_RESOURCES_FOLDER_PATH}/download.imageset",
				"${TARGET_BUILD_DIR}/${UNLOCALIZED_RESOURCES_FOLDER_PATH}/eps.imageset",
				"${TARGET_BUILD_DIR}/${UNLOCALIZED_RESOURCES_FOLDER_PATH}/file.imageset",
				"${TARGET_BUILD_DIR}/${UNLOCALIZED_RESOURCES_FOLDER_PATH}/fla.imageset",
				"${TARGET_BUILD_DIR}/${UNLOCALIZED_RESOURCES_FOLDER_PATH}/folder.imageset",
				"${TARGET_BUILD_DIR}/${UNLOCALIZED_RESOURCES_FOLDER_PATH}/gif.imageset",
				"${TARGET_BUILD_DIR}/${UNLOCALIZED_RESOURCES_FOLDER_PATH}/html.imageset",
				"${TARGET_BUILD_DIR}/${UNLOCALIZED_RESOURCES_FOLDER_PATH}/iso.imageset",
				"${TARGET_BUILD_DIR}/${UNLOCALIZED_RESOURCES_FOLDER_PATH}/jpg.imageset",
				"${TARGET_BUILD_DIR}/${UNLOCALIZED_RESOURCES_FOLDER_PATH}/js.imageset",
				"${TARGET_BUILD_DIR}/${UNLOCALIZED_RESOURCES_FOLDER_PATH}/mp3.imageset",
				"${TARGET_BUILD_DIR}/${UNLOCALIZED_RESOURCES_FOLDER_PATH}/mp4.imageset",
				"${TARGET_BUILD_DIR}/${UNLOCALIZED_RESOURCES_FOLDER_PATH}/mpg.imageset",
				"${TARGET_BUILD_DIR}/${UNLOCALIZED_RESOURCES_FOLDER_PATH}/pdf.imageset",
				"${TARGET_BUILD_DIR}/${UNLOCALIZED_RESOURCES_FOLDER_PATH}/php.imageset",
				"${TARGET_BUILD_DIR}/${UNLOCALIZED_RESOURCES_FOLDER_PATH}/png.imageset",
				"${TARGET_BUILD_DIR}/${UNLOCALIZED_RESOURCES_FOLDER_PATH}/ppt.imageset",
				"${TARGET_BUILD_DIR}/${UNLOCALIZED_RESOURCES_FOLDER_PATH}/proj.imageset",
				"${TARGET_BUILD_DIR}/${UNLOCALIZED_RESOURCES_FOLDER_PATH}/psd.imageset",
				"${TARGET_BUILD_DIR}/${UNLOCALIZED_RESOURCES_FOLDER_PATH}/raw.imageset",
				"${TARGET_BUILD_DIR}/${UNLOCALIZED_RESOURCES_FOLDER_PATH}/sql.imageset",
				"${TARGET_BUILD_DIR}/${UNLOCALIZED_RESOURCES_FOLDER_PATH}/svg.imageset",
				"${TARGET_BUILD_DIR}/${UNLOCALIZED_RESOURCES_FOLDER_PATH}/txt.imageset",
				"${TARGET_BUILD_DIR}/${UNLOCALIZED_RESOURCES_FOLDER_PATH}/wmv.imageset",
				"${TARGET_BUILD_DIR}/${UNLOCALIZED_RESOURCES_FOLDER_PATH}/xls.imageset",
				"${TARGET_BUILD_DIR}/${UNLOCALIZED_RESOURCES_FOLDER_PATH}/xml.imageset",
				"${TARGET_BUILD_DIR}/${UNLOCALIZED_RESOURCES_FOLDER_PATH}/zip.imageset",
				"${TARGET_BUILD_DIR}/${UNLOCALIZED_RESOURCES_FOLDER_PATH}/GoogleSignIn.bundle",
			);
			runOnlyForDeploymentPostprocessing = 0;
			shellPath = /bin/sh;
			shellScript = "\"${SRCROOT}/Pods/Target Support Files/Pods-GoogleDriveBrowser_Example/Pods-GoogleDriveBrowser_Example-resources.sh\"\n";
			showEnvVarsInLog = 0;
		};
/* End PBXShellScriptBuildPhase section */

/* Begin PBXSourcesBuildPhase section */
		6003F586195388D20070C39A /* Sources */ = {
			isa = PBXSourcesBuildPhase;
			buildActionMask = 2147483647;
			files = (
				6003F59E195388D20070C39A /* SDGDAppDelegate.m in Sources */,
				6003F5A7195388D20070C39A /* SDGDViewController.m in Sources */,
				6003F59A195388D20070C39A /* main.m in Sources */,
			);
			runOnlyForDeploymentPostprocessing = 0;
		};
		6003F5AA195388D20070C39A /* Sources */ = {
			isa = PBXSourcesBuildPhase;
			buildActionMask = 2147483647;
			files = (
				6003F5BC195388D20070C39A /* Tests.m in Sources */,
			);
			runOnlyForDeploymentPostprocessing = 0;
		};
/* End PBXSourcesBuildPhase section */

/* Begin PBXTargetDependency section */
		6003F5B4195388D20070C39A /* PBXTargetDependency */ = {
			isa = PBXTargetDependency;
			target = 6003F589195388D20070C39A /* GoogleDriveBrowser_Example */;
			targetProxy = 6003F5B3195388D20070C39A /* PBXContainerItemProxy */;
		};
/* End PBXTargetDependency section */

/* Begin PBXVariantGroup section */
		6003F596195388D20070C39A /* InfoPlist.strings */ = {
			isa = PBXVariantGroup;
			children = (
				6003F597195388D20070C39A /* en */,
			);
			name = InfoPlist.strings;
			sourceTree = "<group>";
		};
		6003F5B8195388D20070C39A /* InfoPlist.strings */ = {
			isa = PBXVariantGroup;
			children = (
				6003F5B9195388D20070C39A /* en */,
			);
			name = InfoPlist.strings;
			sourceTree = "<group>";
		};
		71719F9D1E33DC2100824A3D /* LaunchScreen.storyboard */ = {
			isa = PBXVariantGroup;
			children = (
				71719F9E1E33DC2100824A3D /* Base */,
			);
			name = LaunchScreen.storyboard;
			sourceTree = "<group>";
		};
/* End PBXVariantGroup section */

/* Begin XCBuildConfiguration section */
		6003F5BD195388D20070C39A /* Debug */ = {
			isa = XCBuildConfiguration;
			buildSettings = {
				ALWAYS_SEARCH_USER_PATHS = NO;
				CLANG_CXX_LANGUAGE_STANDARD = "gnu++0x";
				CLANG_CXX_LIBRARY = "libc++";
				CLANG_ENABLE_MODULES = YES;
				CLANG_ENABLE_OBJC_ARC = YES;
				CLANG_WARN_BOOL_CONVERSION = YES;
				CLANG_WARN_CONSTANT_CONVERSION = YES;
				CLANG_WARN_DIRECT_OBJC_ISA_USAGE = YES_ERROR;
				CLANG_WARN_EMPTY_BODY = YES;
				CLANG_WARN_ENUM_CONVERSION = YES;
				CLANG_WARN_INT_CONVERSION = YES;
				CLANG_WARN_OBJC_ROOT_CLASS = YES_ERROR;
				CLANG_WARN__DUPLICATE_METHOD_MATCH = YES;
				"CODE_SIGN_IDENTITY[sdk=iphoneos*]" = "iPhone Developer";
				COPY_PHASE_STRIP = NO;
				ENABLE_TESTABILITY = YES;
				GCC_C_LANGUAGE_STANDARD = gnu99;
				GCC_DYNAMIC_NO_PIC = NO;
				GCC_OPTIMIZATION_LEVEL = 0;
				GCC_PREPROCESSOR_DEFINITIONS = (
					"DEBUG=1",
					"$(inherited)",
				);
				GCC_SYMBOLS_PRIVATE_EXTERN = NO;
				GCC_WARN_64_TO_32_BIT_CONVERSION = YES;
				GCC_WARN_ABOUT_RETURN_TYPE = YES_ERROR;
				GCC_WARN_UNDECLARED_SELECTOR = YES;
				GCC_WARN_UNINITIALIZED_AUTOS = YES_AGGRESSIVE;
				GCC_WARN_UNUSED_FUNCTION = YES;
				GCC_WARN_UNUSED_VARIABLE = YES;
				IPHONEOS_DEPLOYMENT_TARGET = 9.3;
				ONLY_ACTIVE_ARCH = YES;
				SDKROOT = iphoneos;
				TARGETED_DEVICE_FAMILY = "1,2";
			};
			name = Debug;
		};
		6003F5BE195388D20070C39A /* Release */ = {
			isa = XCBuildConfiguration;
			buildSettings = {
				ALWAYS_SEARCH_USER_PATHS = NO;
				CLANG_CXX_LANGUAGE_STANDARD = "gnu++0x";
				CLANG_CXX_LIBRARY = "libc++";
				CLANG_ENABLE_MODULES = YES;
				CLANG_ENABLE_OBJC_ARC = YES;
				CLANG_WARN_BOOL_CONVERSION = YES;
				CLANG_WARN_CONSTANT_CONVERSION = YES;
				CLANG_WARN_DIRECT_OBJC_ISA_USAGE = YES_ERROR;
				CLANG_WARN_EMPTY_BODY = YES;
				CLANG_WARN_ENUM_CONVERSION = YES;
				CLANG_WARN_INT_CONVERSION = YES;
				CLANG_WARN_OBJC_ROOT_CLASS = YES_ERROR;
				CLANG_WARN__DUPLICATE_METHOD_MATCH = YES;
				"CODE_SIGN_IDENTITY[sdk=iphoneos*]" = "iPhone Developer";
				COPY_PHASE_STRIP = YES;
				ENABLE_NS_ASSERTIONS = NO;
				GCC_C_LANGUAGE_STANDARD = gnu99;
				GCC_WARN_64_TO_32_BIT_CONVERSION = YES;
				GCC_WARN_ABOUT_RETURN_TYPE = YES_ERROR;
				GCC_WARN_UNDECLARED_SELECTOR = YES;
				GCC_WARN_UNINITIALIZED_AUTOS = YES_AGGRESSIVE;
				GCC_WARN_UNUSED_FUNCTION = YES;
				GCC_WARN_UNUSED_VARIABLE = YES;
				IPHONEOS_DEPLOYMENT_TARGET = 9.3;
				SDKROOT = iphoneos;
				TARGETED_DEVICE_FAMILY = "1,2";
				VALIDATE_PRODUCT = YES;
			};
			name = Release;
		};
		6003F5C0195388D20070C39A /* Debug */ = {
			isa = XCBuildConfiguration;
			baseConfigurationReference = 53113E65DAE5C5ADCADDE3C0 /* Pods-GoogleDriveBrowser_Example.debug.xcconfig */;
			buildSettings = {
				ASSETCATALOG_COMPILER_APPICON_NAME = AppIcon;
				GCC_PRECOMPILE_PREFIX_HEADER = YES;
				GCC_PREFIX_HEADER = "GoogleDriveBrowser/GoogleDriveBrowser-Prefix.pch";
				INFOPLIST_FILE = "GoogleDriveBrowser/GoogleDriveBrowser-Info.plist";
				IPHONEOS_DEPLOYMENT_TARGET = 9.0;
				MODULE_NAME = ExampleApp;
				PRODUCT_BUNDLE_IDENTIFIER = "Shourob.GoogleDriveBroswer-souro";
				PRODUCT_NAME = "$(TARGET_NAME)";
				WRAPPER_EXTENSION = app;
			};
			name = Debug;
		};
		6003F5C1195388D20070C39A /* Release */ = {
			isa = XCBuildConfiguration;
			baseConfigurationReference = A24F6726CA55B4A0C6FA080E /* Pods-GoogleDriveBrowser_Example.release.xcconfig */;
			buildSettings = {
				ASSETCATALOG_COMPILER_APPICON_NAME = AppIcon;
				GCC_PRECOMPILE_PREFIX_HEADER = YES;
				GCC_PREFIX_HEADER = "GoogleDriveBrowser/GoogleDriveBrowser-Prefix.pch";
				INFOPLIST_FILE = "GoogleDriveBrowser/GoogleDriveBrowser-Info.plist";
				IPHONEOS_DEPLOYMENT_TARGET = 9.0;
				MODULE_NAME = ExampleApp;
				PRODUCT_BUNDLE_IDENTIFIER = "Shourob.GoogleDriveBroswer-souro";
				PRODUCT_NAME = "$(TARGET_NAME)";
				WRAPPER_EXTENSION = app;
			};
			name = Release;
		};
		6003F5C3195388D20070C39A /* Debug */ = {
			isa = XCBuildConfiguration;
			baseConfigurationReference = 3A8632C9619CB205F240D662 /* Pods-GoogleDriveBrowser_Tests.debug.xcconfig */;
			buildSettings = {
				BUNDLE_LOADER = "$(TEST_HOST)";
				FRAMEWORK_SEARCH_PATHS = (
					"$(SDKROOT)/Developer/Library/Frameworks",
					"$(inherited)",
					"$(DEVELOPER_FRAMEWORKS_DIR)",
				);
				GCC_PRECOMPILE_PREFIX_HEADER = YES;
				GCC_PREFIX_HEADER = "Tests/Tests-Prefix.pch";
				GCC_PREPROCESSOR_DEFINITIONS = (
					"DEBUG=1",
					"$(inherited)",
				);
				INFOPLIST_FILE = "Tests/Tests-Info.plist";
				PRODUCT_BUNDLE_IDENTIFIER = "org.cocoapods.demo.${PRODUCT_NAME:rfc1034identifier}";
				PRODUCT_NAME = "$(TARGET_NAME)";
				TEST_HOST = "$(BUILT_PRODUCTS_DIR)/GoogleDriveBrowser_Example.app/GoogleDriveBrowser_Example";
				WRAPPER_EXTENSION = xctest;
			};
			name = Debug;
		};
		6003F5C4195388D20070C39A /* Release */ = {
			isa = XCBuildConfiguration;
			baseConfigurationReference = F0EFD9E86E200C452235612C /* Pods-GoogleDriveBrowser_Tests.release.xcconfig */;
			buildSettings = {
				BUNDLE_LOADER = "$(TEST_HOST)";
				FRAMEWORK_SEARCH_PATHS = (
					"$(SDKROOT)/Developer/Library/Frameworks",
					"$(inherited)",
					"$(DEVELOPER_FRAMEWORKS_DIR)",
				);
				GCC_PRECOMPILE_PREFIX_HEADER = YES;
				GCC_PREFIX_HEADER = "Tests/Tests-Prefix.pch";
				INFOPLIST_FILE = "Tests/Tests-Info.plist";
				PRODUCT_BUNDLE_IDENTIFIER = "org.cocoapods.demo.${PRODUCT_NAME:rfc1034identifier}";
				PRODUCT_NAME = "$(TARGET_NAME)";
				TEST_HOST = "$(BUILT_PRODUCTS_DIR)/GoogleDriveBrowser_Example.app/GoogleDriveBrowser_Example";
				WRAPPER_EXTENSION = xctest;
			};
			name = Release;
		};
/* End XCBuildConfiguration section */

/* Begin XCConfigurationList section */
		6003F585195388D10070C39A /* Build configuration list for PBXProject "GoogleDriveBrowser" */ = {
			isa = XCConfigurationList;
			buildConfigurations = (
				6003F5BD195388D20070C39A /* Debug */,
				6003F5BE195388D20070C39A /* Release */,
			);
			defaultConfigurationIsVisible = 0;
			defaultConfigurationName = Release;
		};
		6003F5BF195388D20070C39A /* Build configuration list for PBXNativeTarget "GoogleDriveBrowser_Example" */ = {
			isa = XCConfigurationList;
			buildConfigurations = (
				6003F5C0195388D20070C39A /* Debug */,
				6003F5C1195388D20070C39A /* Release */,
			);
			defaultConfigurationIsVisible = 0;
			defaultConfigurationName = Release;
		};
		6003F5C2195388D20070C39A /* Build configuration list for PBXNativeTarget "GoogleDriveBrowser_Tests" */ = {
			isa = XCConfigurationList;
			buildConfigurations = (
				6003F5C3195388D20070C39A /* Debug */,
				6003F5C4195388D20070C39A /* Release */,
			);
			defaultConfigurationIsVisible = 0;
			defaultConfigurationName = Release;
		};
/* End XCConfigurationList section */
	};
	rootObject = 6003F582195388D10070C39A /* Project object */;
}
